// !$*UTF8*$!
{
	archiveVersion = 1;
	classes = {
	};
	objectVersion = 46;
	objects = {

/* Begin PBXBuildFile section */
		69139CA01FD92048002A7A7D /* HorizontalFlowLayout.swift in Sources */ = {isa = PBXBuildFile; fileRef = 69139C9F1FD92047002A7A7D /* HorizontalFlowLayout.swift */; };
		6926F2EE1F749E0C00F592D0 /* ListDataModel.swift in Sources */ = {isa = PBXBuildFile; fileRef = 6926F2ED1F749E0C00F592D0 /* ListDataModel.swift */; };
		6926F2F71F74B52D00F592D0 /* Network.swift in Sources */ = {isa = PBXBuildFile; fileRef = 6926F2F61F74B52D00F592D0 /* Network.swift */; };
		6932A35F1F508FC800EFA283 /* DetailViewController.swift in Sources */ = {isa = PBXBuildFile; fileRef = 6932A35E1F508FC800EFA283 /* DetailViewController.swift */; };
		694EDA741FB28CF600AC5B37 /* DetailDataModel.swift in Sources */ = {isa = PBXBuildFile; fileRef = 694EDA731FB28CF600AC5B37 /* DetailDataModel.swift */; };
		6969366C1F67C9C90047168C /* AppListTableViewCell.swift in Sources */ = {isa = PBXBuildFile; fileRef = 6969366B1F67C9C90047168C /* AppListTableViewCell.swift */; };
		698B52081F7207F5009EBDBD /* Localizable.strings in Resources */ = {isa = PBXBuildFile; fileRef = 698B520A1F7207F5009EBDBD /* Localizable.strings */; };
		698D7ABF1FB3FDE300227F69 /* CopyrightTableViewCell.swift in Sources */ = {isa = PBXBuildFile; fileRef = 698D7ABE1FB3FDE300227F69 /* CopyrightTableViewCell.swift */; };
		69946C351FC282990009A3D3 /* Dynamic.swift in Sources */ = {isa = PBXBuildFile; fileRef = 69946C341FC282990009A3D3 /* Dynamic.swift */; };
		69B39A251F5014BE00CFF0E6 /* AppDelegate.swift in Sources */ = {isa = PBXBuildFile; fileRef = 69B39A241F5014BE00CFF0E6 /* AppDelegate.swift */; };
		69B39A271F5014BE00CFF0E6 /* ListViewController.swift in Sources */ = {isa = PBXBuildFile; fileRef = 69B39A261F5014BE00CFF0E6 /* ListViewController.swift */; };
		69B39A2A1F5014BE00CFF0E6 /* Main.storyboard in Resources */ = {isa = PBXBuildFile; fileRef = 69B39A281F5014BE00CFF0E6 /* Main.storyboard */; };
		69B39A2C1F5014BE00CFF0E6 /* Assets.xcassets in Resources */ = {isa = PBXBuildFile; fileRef = 69B39A2B1F5014BE00CFF0E6 /* Assets.xcassets */; };
		69B39A2F1F5014BF00CFF0E6 /* LaunchScreen.storyboard in Resources */ = {isa = PBXBuildFile; fileRef = 69B39A2D1F5014BF00CFF0E6 /* LaunchScreen.storyboard */; };
		69C4042A1F6D30C30022A493 /* PreviewCollectionViewCell.swift in Sources */ = {isa = PBXBuildFile; fileRef = 69C404291F6D30C30022A493 /* PreviewCollectionViewCell.swift */; };
		69C4042C1F6D33C70022A493 /* ScreenshotCollectionViewCell.swift in Sources */ = {isa = PBXBuildFile; fileRef = 69C4042B1F6D33C70022A493 /* ScreenshotCollectionViewCell.swift */; };
		69DB02B81FD4DD3F00F2C56A /* PreviewViewModel.swift in Sources */ = {isa = PBXBuildFile; fileRef = 69DB02B71FD4DD3F00F2C56A /* PreviewViewModel.swift */; };
		69E2E9DF1FB18B6F00213573 /* DescTableViewCell.swift in Sources */ = {isa = PBXBuildFile; fileRef = 69E2E9DE1FB18B6F00213573 /* DescTableViewCell.swift */; };
		69E2E9E11FB18B9000213573 /* ScreenshotTableViewCell.swift in Sources */ = {isa = PBXBuildFile; fileRef = 69E2E9E01FB18B9000213573 /* ScreenshotTableViewCell.swift */; };
		69E2E9E31FB18BB400213573 /* InfoTableViewCell.swift in Sources */ = {isa = PBXBuildFile; fileRef = 69E2E9E21FB18BB400213573 /* InfoTableViewCell.swift */; };
		69E2E9E71FB193F000213573 /* SegmentTableViewCell.swift in Sources */ = {isa = PBXBuildFile; fileRef = 69E2E9E61FB193F000213573 /* SegmentTableViewCell.swift */; };
		69E30CE41F58094300ECF33F /* PreviewViewController.swift in Sources */ = {isa = PBXBuildFile; fileRef = 69E30CE31F58094200ECF33F /* PreviewViewController.swift */; };
		69EBE1E51FDA6FC500F688C6 /* AsyncImage.swift in Sources */ = {isa = PBXBuildFile; fileRef = 69EBE1E41FDA6FC500F688C6 /* AsyncImage.swift */; };
		69EBE1E71FDA92CF00F688C6 /* String.swift in Sources */ = {isa = PBXBuildFile; fileRef = 69EBE1E61FDA92CF00F688C6 /* String.swift */; };
		69EBE1E91FDA930100F688C6 /* UIColor.swift in Sources */ = {isa = PBXBuildFile; fileRef = 69EBE1E81FDA930000F688C6 /* UIColor.swift */; };
		69EBE1EB1FDA931600F688C6 /* NSLayoutConstraint.swift in Sources */ = {isa = PBXBuildFile; fileRef = 69EBE1EA1FDA931600F688C6 /* NSLayoutConstraint.swift */; };
		69F2A12E1F55D1C2004E5E83 /* AppStoreTests in Resources */ = {isa = PBXBuildFile; fileRef = 69F2A12C1F55D1C2004E5E83 /* AppStoreTests */; };
		69F2A12F1F55D1C2004E5E83 /* AppStoreUITests in Resources */ = {isa = PBXBuildFile; fileRef = 69F2A12D1F55D1C2004E5E83 /* AppStoreUITests */; };
		69FD3B091FBEAC46009E5062 /* ListViewModel.swift in Sources */ = {isa = PBXBuildFile; fileRef = 69FD3B081FBEAC46009E5062 /* ListViewModel.swift */; };
		69FD3B0B1FBEAC5E009E5062 /* DetailViewModel.swift in Sources */ = {isa = PBXBuildFile; fileRef = 69FD3B0A1FBEAC5E009E5062 /* DetailViewModel.swift */; };
/* End PBXBuildFile section */

/* Begin PBXContainerItemProxy section */
		69B39A361F5014BF00CFF0E6 /* PBXContainerItemProxy */ = {
			isa = PBXContainerItemProxy;
			containerPortal = 69B39A191F5014BE00CFF0E6 /* Project object */;
			proxyType = 1;
			remoteGlobalIDString = 69B39A201F5014BE00CFF0E6;
			remoteInfo = AppStore;
		};
		69B39A411F5014BF00CFF0E6 /* PBXContainerItemProxy */ = {
			isa = PBXContainerItemProxy;
			containerPortal = 69B39A191F5014BE00CFF0E6 /* Project object */;
			proxyType = 1;
			remoteGlobalIDString = 69B39A201F5014BE00CFF0E6;
			remoteInfo = AppStore;
		};
/* End PBXContainerItemProxy section */

/* Begin PBXFileReference section */
		69139C9F1FD92047002A7A7D /* HorizontalFlowLayout.swift */ = {isa = PBXFileReference; lastKnownFileType = sourcecode.swift; path = HorizontalFlowLayout.swift; sourceTree = "<group>"; };
		6926F2ED1F749E0C00F592D0 /* ListDataModel.swift */ = {isa = PBXFileReference; lastKnownFileType = sourcecode.swift; path = ListDataModel.swift; sourceTree = "<group>"; };
		6926F2F61F74B52D00F592D0 /* Network.swift */ = {isa = PBXFileReference; lastKnownFileType = sourcecode.swift; path = Network.swift; sourceTree = "<group>"; };
		6932A35E1F508FC800EFA283 /* DetailViewController.swift */ = {isa = PBXFileReference; lastKnownFileType = sourcecode.swift; path = DetailViewController.swift; sourceTree = "<group>"; };
		694EDA731FB28CF600AC5B37 /* DetailDataModel.swift */ = {isa = PBXFileReference; lastKnownFileType = sourcecode.swift; path = DetailDataModel.swift; sourceTree = "<group>"; };
		6969366B1F67C9C90047168C /* AppListTableViewCell.swift */ = {isa = PBXFileReference; fileEncoding = 4; lastKnownFileType = sourcecode.swift; path = AppListTableViewCell.swift; sourceTree = "<group>"; };
		698B51F91F71FEBF009EBDBD /* ko */ = {isa = PBXFileReference; lastKnownFileType = text.plist.strings; name = ko; path = ko.lproj/LaunchScreen.strings; sourceTree = "<group>"; };
		698B52091F7207F5009EBDBD /* Base */ = {isa = PBXFileReference; lastKnownFileType = text.plist.strings; name = Base; path = Base.lproj/Localizable.strings; sourceTree = "<group>"; };
		698B520B1F720801009EBDBD /* ko */ = {isa = PBXFileReference; lastKnownFileType = text.plist.strings; name = ko; path = ko.lproj/Localizable.strings; sourceTree = "<group>"; };
		698D7ABE1FB3FDE300227F69 /* CopyrightTableViewCell.swift */ = {isa = PBXFileReference; lastKnownFileType = sourcecode.swift; path = CopyrightTableViewCell.swift; sourceTree = "<group>"; };
		69946C341FC282990009A3D3 /* Dynamic.swift */ = {isa = PBXFileReference; lastKnownFileType = sourcecode.swift; path = Dynamic.swift; sourceTree = "<group>"; };
		69B39A211F5014BE00CFF0E6 /* AppStore.app */ = {isa = PBXFileReference; explicitFileType = wrapper.application; includeInIndex = 0; path = AppStore.app; sourceTree = BUILT_PRODUCTS_DIR; };
		69B39A241F5014BE00CFF0E6 /* AppDelegate.swift */ = {isa = PBXFileReference; lastKnownFileType = sourcecode.swift; path = AppDelegate.swift; sourceTree = "<group>"; };
		69B39A261F5014BE00CFF0E6 /* ListViewController.swift */ = {isa = PBXFileReference; lastKnownFileType = sourcecode.swift; path = ListViewController.swift; sourceTree = "<group>"; };
		69B39A291F5014BE00CFF0E6 /* Base */ = {isa = PBXFileReference; lastKnownFileType = file.storyboard; name = Base; path = Base.lproj/Main.storyboard; sourceTree = "<group>"; };
		69B39A2B1F5014BE00CFF0E6 /* Assets.xcassets */ = {isa = PBXFileReference; lastKnownFileType = folder.assetcatalog; path = Assets.xcassets; sourceTree = "<group>"; };
		69B39A2E1F5014BF00CFF0E6 /* Base */ = {isa = PBXFileReference; lastKnownFileType = file.storyboard; name = Base; path = Base.lproj/LaunchScreen.storyboard; sourceTree = "<group>"; };
		69B39A301F5014BF00CFF0E6 /* Info.plist */ = {isa = PBXFileReference; lastKnownFileType = text.plist.xml; path = Info.plist; sourceTree = "<group>"; };
		69B39A351F5014BF00CFF0E6 /* AppStoreTests.xctest */ = {isa = PBXFileReference; explicitFileType = wrapper.cfbundle; includeInIndex = 0; path = AppStoreTests.xctest; sourceTree = BUILT_PRODUCTS_DIR; };
		69B39A401F5014BF00CFF0E6 /* AppStoreUITests.xctest */ = {isa = PBXFileReference; explicitFileType = wrapper.cfbundle; includeInIndex = 0; path = AppStoreUITests.xctest; sourceTree = BUILT_PRODUCTS_DIR; };
		69C404291F6D30C30022A493 /* PreviewCollectionViewCell.swift */ = {isa = PBXFileReference; fileEncoding = 4; lastKnownFileType = sourcecode.swift; path = PreviewCollectionViewCell.swift; sourceTree = "<group>"; };
		69C4042B1F6D33C70022A493 /* ScreenshotCollectionViewCell.swift */ = {isa = PBXFileReference; fileEncoding = 4; lastKnownFileType = sourcecode.swift; path = ScreenshotCollectionViewCell.swift; sourceTree = "<group>"; };
		69DB02B51FD11BB600F2C56A /* ko */ = {isa = PBXFileReference; lastKnownFileType = text.plist.strings; name = ko; path = ko.lproj/Main.strings; sourceTree = "<group>"; };
		69DB02B71FD4DD3F00F2C56A /* PreviewViewModel.swift */ = {isa = PBXFileReference; lastKnownFileType = sourcecode.swift; path = PreviewViewModel.swift; sourceTree = "<group>"; };
		69E2E9DE1FB18B6F00213573 /* DescTableViewCell.swift */ = {isa = PBXFileReference; lastKnownFileType = sourcecode.swift; path = DescTableViewCell.swift; sourceTree = "<group>"; };
		69E2E9E01FB18B9000213573 /* ScreenshotTableViewCell.swift */ = {isa = PBXFileReference; lastKnownFileType = sourcecode.swift; path = ScreenshotTableViewCell.swift; sourceTree = "<group>"; };
		69E2E9E21FB18BB400213573 /* InfoTableViewCell.swift */ = {isa = PBXFileReference; lastKnownFileType = sourcecode.swift; path = InfoTableViewCell.swift; sourceTree = "<group>"; };
		69E2E9E61FB193F000213573 /* SegmentTableViewCell.swift */ = {isa = PBXFileReference; lastKnownFileType = sourcecode.swift; path = SegmentTableViewCell.swift; sourceTree = "<group>"; };
		69E30CE31F58094200ECF33F /* PreviewViewController.swift */ = {isa = PBXFileReference; fileEncoding = 4; lastKnownFileType = sourcecode.swift; path = PreviewViewController.swift; sourceTree = "<group>"; };
		69EBE1E41FDA6FC500F688C6 /* AsyncImage.swift */ = {isa = PBXFileReference; lastKnownFileType = sourcecode.swift; path = AsyncImage.swift; sourceTree = "<group>"; };
		69EBE1E61FDA92CF00F688C6 /* String.swift */ = {isa = PBXFileReference; lastKnownFileType = sourcecode.swift; path = String.swift; sourceTree = "<group>"; };
		69EBE1E81FDA930000F688C6 /* UIColor.swift */ = {isa = PBXFileReference; lastKnownFileType = sourcecode.swift; path = UIColor.swift; sourceTree = "<group>"; };
		69EBE1EA1FDA931600F688C6 /* NSLayoutConstraint.swift */ = {isa = PBXFileReference; lastKnownFileType = sourcecode.swift; path = NSLayoutConstraint.swift; sourceTree = "<group>"; };
		69F2A12C1F55D1C2004E5E83 /* AppStoreTests */ = {isa = PBXFileReference; lastKnownFileType = folder; name = AppStoreTests; path = ../AppStoreTests; sourceTree = "<group>"; };
		69F2A12D1F55D1C2004E5E83 /* AppStoreUITests */ = {isa = PBXFileReference; lastKnownFileType = folder; name = AppStoreUITests; path = ../AppStoreUITests; sourceTree = "<group>"; };
		69FD3B081FBEAC46009E5062 /* ListViewModel.swift */ = {isa = PBXFileReference; lastKnownFileType = sourcecode.swift; path = ListViewModel.swift; sourceTree = "<group>"; };
		69FD3B0A1FBEAC5E009E5062 /* DetailViewModel.swift */ = {isa = PBXFileReference; lastKnownFileType = sourcecode.swift; path = DetailViewModel.swift; sourceTree = "<group>"; };
/* End PBXFileReference section */

/* Begin PBXFrameworksBuildPhase section */
		69B39A1E1F5014BE00CFF0E6 /* Frameworks */ = {
			isa = PBXFrameworksBuildPhase;
			buildActionMask = 2147483647;
			files = (
			);
			runOnlyForDeploymentPostprocessing = 0;
		};
		69B39A321F5014BF00CFF0E6 /* Frameworks */ = {
			isa = PBXFrameworksBuildPhase;
			buildActionMask = 2147483647;
			files = (
			);
			runOnlyForDeploymentPostprocessing = 0;
		};
		69B39A3D1F5014BF00CFF0E6 /* Frameworks */ = {
			isa = PBXFrameworksBuildPhase;
			buildActionMask = 2147483647;
			files = (
			);
			runOnlyForDeploymentPostprocessing = 0;
		};
/* End PBXFrameworksBuildPhase section */

/* Begin PBXGroup section */
		69139C9E1FD91FA1002A7A7D /* SubClass */ = {
			isa = PBXGroup;
			children = (
				69946C341FC282990009A3D3 /* Dynamic.swift */,
				69139C9F1FD92047002A7A7D /* HorizontalFlowLayout.swift */,
				69EBE1E41FDA6FC500F688C6 /* AsyncImage.swift */,
			);
			name = SubClass;
			sourceTree = "<group>";
		};
		6926F2EF1F74A0E400F592D0 /* Model */ = {
			isa = PBXGroup;
			children = (
				6926F2ED1F749E0C00F592D0 /* ListDataModel.swift */,
				694EDA731FB28CF600AC5B37 /* DetailDataModel.swift */,
			);
			name = Model;
			sourceTree = "<group>";
		};
		6926F2F21F74A13C00F592D0 /* CustomTableViewCell */ = {
			isa = PBXGroup;
			children = (
				6969366B1F67C9C90047168C /* AppListTableViewCell.swift */,
				69E2E9E61FB193F000213573 /* SegmentTableViewCell.swift */,
				69E2E9E01FB18B9000213573 /* ScreenshotTableViewCell.swift */,
				69E2E9DE1FB18B6F00213573 /* DescTableViewCell.swift */,
				69E2E9E21FB18BB400213573 /* InfoTableViewCell.swift */,
				698D7ABE1FB3FDE300227F69 /* CopyrightTableViewCell.swift */,
			);
			name = CustomTableViewCell;
			sourceTree = "<group>";
		};
		6926F2F31F74B48B00F592D0 /* Network */ = {
			isa = PBXGroup;
			children = (
				6926F2F61F74B52D00F592D0 /* Network.swift */,
			);
			name = Network;
			sourceTree = "<group>";
		};
		698B52031F72008C009EBDBD /* Supportfiles */ = {
			isa = PBXGroup;
			children = (
				69B39A2B1F5014BE00CFF0E6 /* Assets.xcassets */,
				698B520A1F7207F5009EBDBD /* Localizable.strings */,
				69B39A301F5014BF00CFF0E6 /* Info.plist */,
			);
			name = Supportfiles;
			sourceTree = "<group>";
		};
		698D7AC21FB55E3F00227F69 /* View */ = {
			isa = PBXGroup;
			children = (
				69B39A261F5014BE00CFF0E6 /* ListViewController.swift */,
				6932A35E1F508FC800EFA283 /* DetailViewController.swift */,
				69E30CE31F58094200ECF33F /* PreviewViewController.swift */,
				6926F2F21F74A13C00F592D0 /* CustomTableViewCell */,
				69DB02B91FD4DE3C00F2C56A /* CustomCollectionViewCell */,
			);
			name = View;
			sourceTree = "<group>";
		};
		69B39A181F5014BE00CFF0E6 = {
			isa = PBXGroup;
			children = (
				69B39A231F5014BE00CFF0E6 /* AppStore */,
				69B39A221F5014BE00CFF0E6 /* Products */,
			);
			sourceTree = "<group>";
		};
		69B39A221F5014BE00CFF0E6 /* Products */ = {
			isa = PBXGroup;
			children = (
				69B39A211F5014BE00CFF0E6 /* AppStore.app */,
				69B39A351F5014BF00CFF0E6 /* AppStoreTests.xctest */,
				69B39A401F5014BF00CFF0E6 /* AppStoreUITests.xctest */,
			);
			name = Products;
			sourceTree = "<group>";
		};
		69B39A231F5014BE00CFF0E6 /* AppStore */ = {
			isa = PBXGroup;
			children = (
				69B39A241F5014BE00CFF0E6 /* AppDelegate.swift */,
				69139C9E1FD91FA1002A7A7D /* SubClass */,
				69DB02B61FD4CE8600F2C56A /* Extension */,
				6926F2F31F74B48B00F592D0 /* Network */,
				6926F2EF1F74A0E400F592D0 /* Model */,
				69FD3B071FBE8826009E5062 /* ViewModel */,
				698D7AC21FB55E3F00227F69 /* View */,
				69B39A281F5014BE00CFF0E6 /* Main.storyboard */,
				69B39A2D1F5014BF00CFF0E6 /* LaunchScreen.storyboard */,
				698B52031F72008C009EBDBD /* Supportfiles */,
				69F2A12C1F55D1C2004E5E83 /* AppStoreTests */,
				69F2A12D1F55D1C2004E5E83 /* AppStoreUITests */,
			);
			path = AppStore;
			sourceTree = "<group>";
		};
		69DB02B61FD4CE8600F2C56A /* Extension */ = {
			isa = PBXGroup;
			children = (
				69EBE1E61FDA92CF00F688C6 /* String.swift */,
				69EBE1E81FDA930000F688C6 /* UIColor.swift */,
				69EBE1EA1FDA931600F688C6 /* NSLayoutConstraint.swift */,
			);
			name = Extension;
			sourceTree = "<group>";
		};
		69DB02B91FD4DE3C00F2C56A /* CustomCollectionViewCell */ = {
			isa = PBXGroup;
			children = (
				69C4042B1F6D33C70022A493 /* ScreenshotCollectionViewCell.swift */,
				69C404291F6D30C30022A493 /* PreviewCollectionViewCell.swift */,
			);
			name = CustomCollectionViewCell;
			sourceTree = "<group>";
		};
		69FD3B071FBE8826009E5062 /* ViewModel */ = {
			isa = PBXGroup;
			children = (
				69FD3B081FBEAC46009E5062 /* ListViewModel.swift */,
				69FD3B0A1FBEAC5E009E5062 /* DetailViewModel.swift */,
				69DB02B71FD4DD3F00F2C56A /* PreviewViewModel.swift */,
			);
			name = ViewModel;
			sourceTree = "<group>";
		};
/* End PBXGroup section */

/* Begin PBXNativeTarget section */
		69B39A201F5014BE00CFF0E6 /* AppStore */ = {
			isa = PBXNativeTarget;
			buildConfigurationList = 69B39A491F5014BF00CFF0E6 /* Build configuration list for PBXNativeTarget "AppStore" */;
			buildPhases = (
				69B39A1D1F5014BE00CFF0E6 /* Sources */,
				69B39A1E1F5014BE00CFF0E6 /* Frameworks */,
				69B39A1F1F5014BE00CFF0E6 /* Resources */,
			);
			buildRules = (
			);
			dependencies = (
			);
			name = AppStore;
			productName = AppStore;
			productReference = 69B39A211F5014BE00CFF0E6 /* AppStore.app */;
			productType = "com.apple.product-type.application";
		};
		69B39A341F5014BF00CFF0E6 /* AppStoreTests */ = {
			isa = PBXNativeTarget;
			buildConfigurationList = 69B39A4C1F5014BF00CFF0E6 /* Build configuration list for PBXNativeTarget "AppStoreTests" */;
			buildPhases = (
				69B39A311F5014BF00CFF0E6 /* Sources */,
				69B39A321F5014BF00CFF0E6 /* Frameworks */,
				69B39A331F5014BF00CFF0E6 /* Resources */,
			);
			buildRules = (
			);
			dependencies = (
				69B39A371F5014BF00CFF0E6 /* PBXTargetDependency */,
			);
			name = AppStoreTests;
			productName = AppStoreTests;
			productReference = 69B39A351F5014BF00CFF0E6 /* AppStoreTests.xctest */;
			productType = "com.apple.product-type.bundle.unit-test";
		};
		69B39A3F1F5014BF00CFF0E6 /* AppStoreUITests */ = {
			isa = PBXNativeTarget;
			buildConfigurationList = 69B39A4F1F5014BF00CFF0E6 /* Build configuration list for PBXNativeTarget "AppStoreUITests" */;
			buildPhases = (
				69B39A3C1F5014BF00CFF0E6 /* Sources */,
				69B39A3D1F5014BF00CFF0E6 /* Frameworks */,
				69B39A3E1F5014BF00CFF0E6 /* Resources */,
			);
			buildRules = (
			);
			dependencies = (
				69B39A421F5014BF00CFF0E6 /* PBXTargetDependency */,
			);
			name = AppStoreUITests;
			productName = AppStoreUITests;
			productReference = 69B39A401F5014BF00CFF0E6 /* AppStoreUITests.xctest */;
			productType = "com.apple.product-type.bundle.ui-testing";
		};
/* End PBXNativeTarget section */

/* Begin PBXProject section */
		69B39A191F5014BE00CFF0E6 /* Project object */ = {
			isa = PBXProject;
			attributes = {
				LastSwiftUpdateCheck = 0830;
				LastUpgradeCheck = 0900;
				ORGANIZATIONNAME = seojiwon;
				TargetAttributes = {
					69B39A201F5014BE00CFF0E6 = {
						CreatedOnToolsVersion = 8.3.3;
						DevelopmentTeam = 9EG55L52AB;
						LastSwiftMigration = 0900;
						ProvisioningStyle = Automatic;
					};
					69B39A341F5014BF00CFF0E6 = {
						CreatedOnToolsVersion = 8.3.3;
						ProvisioningStyle = Automatic;
						TestTargetID = 69B39A201F5014BE00CFF0E6;
					};
					69B39A3F1F5014BF00CFF0E6 = {
						CreatedOnToolsVersion = 8.3.3;
						ProvisioningStyle = Automatic;
						TestTargetID = 69B39A201F5014BE00CFF0E6;
					};
				};
			};
			buildConfigurationList = 69B39A1C1F5014BE00CFF0E6 /* Build configuration list for PBXProject "AppStore" */;
			compatibilityVersion = "Xcode 3.2";
			developmentRegion = English;
			hasScannedForEncodings = 0;
			knownRegions = (
				Base,
				ko,
			);
			mainGroup = 69B39A181F5014BE00CFF0E6;
			productRefGroup = 69B39A221F5014BE00CFF0E6 /* Products */;
			projectDirPath = "";
			projectRoot = "";
			targets = (
				69B39A201F5014BE00CFF0E6 /* AppStore */,
				69B39A341F5014BF00CFF0E6 /* AppStoreTests */,
				69B39A3F1F5014BF00CFF0E6 /* AppStoreUITests */,
			);
		};
/* End PBXProject section */

/* Begin PBXResourcesBuildPhase section */
		69B39A1F1F5014BE00CFF0E6 /* Resources */ = {
			isa = PBXResourcesBuildPhase;
			buildActionMask = 2147483647;
			files = (
				69F2A12F1F55D1C2004E5E83 /* AppStoreUITests in Resources */,
				698B52081F7207F5009EBDBD /* Localizable.strings in Resources */,
				69B39A2F1F5014BF00CFF0E6 /* LaunchScreen.storyboard in Resources */,
				69B39A2C1F5014BE00CFF0E6 /* Assets.xcassets in Resources */,
				69F2A12E1F55D1C2004E5E83 /* AppStoreTests in Resources */,
				69B39A2A1F5014BE00CFF0E6 /* Main.storyboard in Resources */,
			);
			runOnlyForDeploymentPostprocessing = 0;
		};
		69B39A331F5014BF00CFF0E6 /* Resources */ = {
			isa = PBXResourcesBuildPhase;
			buildActionMask = 2147483647;
			files = (
			);
			runOnlyForDeploymentPostprocessing = 0;
		};
		69B39A3E1F5014BF00CFF0E6 /* Resources */ = {
			isa = PBXResourcesBuildPhase;
			buildActionMask = 2147483647;
			files = (
			);
			runOnlyForDeploymentPostprocessing = 0;
		};
/* End PBXResourcesBuildPhase section */

/* Begin PBXSourcesBuildPhase section */
		69B39A1D1F5014BE00CFF0E6 /* Sources */ = {
			isa = PBXSourcesBuildPhase;
			buildActionMask = 2147483647;
			files = (
				69139CA01FD92048002A7A7D /* HorizontalFlowLayout.swift in Sources */,
				6926F2F71F74B52D00F592D0 /* Network.swift in Sources */,
				69EBE1E71FDA92CF00F688C6 /* String.swift in Sources */,
				69B39A271F5014BE00CFF0E6 /* ListViewController.swift in Sources */,
				69C4042C1F6D33C70022A493 /* ScreenshotCollectionViewCell.swift in Sources */,
				69DB02B81FD4DD3F00F2C56A /* PreviewViewModel.swift in Sources */,
				6926F2EE1F749E0C00F592D0 /* ListDataModel.swift in Sources */,
				69E2E9DF1FB18B6F00213573 /* DescTableViewCell.swift in Sources */,
				6932A35F1F508FC800EFA283 /* DetailViewController.swift in Sources */,
				69EBE1EB1FDA931600F688C6 /* NSLayoutConstraint.swift in Sources */,
				69C4042A1F6D30C30022A493 /* PreviewCollectionViewCell.swift in Sources */,
				6969366C1F67C9C90047168C /* AppListTableViewCell.swift in Sources */,
				698D7ABF1FB3FDE300227F69 /* CopyrightTableViewCell.swift in Sources */,
				69EBE1E91FDA930100F688C6 /* UIColor.swift in Sources */,
				69E30CE41F58094300ECF33F /* PreviewViewController.swift in Sources */,
				69946C351FC282990009A3D3 /* Dynamic.swift in Sources */,
				69B39A251F5014BE00CFF0E6 /* AppDelegate.swift in Sources */,
				69E2E9E71FB193F000213573 /* SegmentTableViewCell.swift in Sources */,
				69EBE1E51FDA6FC500F688C6 /* AsyncImage.swift in Sources */,
				69FD3B0B1FBEAC5E009E5062 /* DetailViewModel.swift in Sources */,
				694EDA741FB28CF600AC5B37 /* DetailDataModel.swift in Sources */,
				69E2E9E11FB18B9000213573 /* ScreenshotTableViewCell.swift in Sources */,
				69E2E9E31FB18BB400213573 /* InfoTableViewCell.swift in Sources */,
				69FD3B091FBEAC46009E5062 /* ListViewModel.swift in Sources */,
			);
			runOnlyForDeploymentPostprocessing = 0;
		};
		69B39A311F5014BF00CFF0E6 /* Sources */ = {
			isa = PBXSourcesBuildPhase;
			buildActionMask = 2147483647;
			files = (
			);
			runOnlyForDeploymentPostprocessing = 0;
		};
		69B39A3C1F5014BF00CFF0E6 /* Sources */ = {
			isa = PBXSourcesBuildPhase;
			buildActionMask = 2147483647;
			files = (
			);
			runOnlyForDeploymentPostprocessing = 0;
		};
/* End PBXSourcesBuildPhase section */

/* Begin PBXTargetDependency section */
		69B39A371F5014BF00CFF0E6 /* PBXTargetDependency */ = {
			isa = PBXTargetDependency;
			target = 69B39A201F5014BE00CFF0E6 /* AppStore */;
			targetProxy = 69B39A361F5014BF00CFF0E6 /* PBXContainerItemProxy */;
		};
		69B39A421F5014BF00CFF0E6 /* PBXTargetDependency */ = {
			isa = PBXTargetDependency;
			target = 69B39A201F5014BE00CFF0E6 /* AppStore */;
			targetProxy = 69B39A411F5014BF00CFF0E6 /* PBXContainerItemProxy */;
		};
/* End PBXTargetDependency section */

/* Begin PBXVariantGroup section */
		698B520A1F7207F5009EBDBD /* Localizable.strings */ = {
			isa = PBXVariantGroup;
			children = (
				698B52091F7207F5009EBDBD /* Base */,
				698B520B1F720801009EBDBD /* ko */,
			);
			name = Localizable.strings;
			sourceTree = "<group>";
		};
		69B39A281F5014BE00CFF0E6 /* Main.storyboard */ = {
			isa = PBXVariantGroup;
			children = (
				69B39A291F5014BE00CFF0E6 /* Base */,
				69DB02B51FD11BB600F2C56A /* ko */,
			);
			name = Main.storyboard;
			sourceTree = "<group>";
		};
		69B39A2D1F5014BF00CFF0E6 /* LaunchScreen.storyboard */ = {
			isa = PBXVariantGroup;
			children = (
				69B39A2E1F5014BF00CFF0E6 /* Base */,
				698B51F91F71FEBF009EBDBD /* ko */,
			);
			name = LaunchScreen.storyboard;
			sourceTree = "<group>";
		};
/* End PBXVariantGroup section */

/* Begin XCBuildConfiguration section */
		69B39A471F5014BF00CFF0E6 /* Debug */ = {
			isa = XCBuildConfiguration;
			buildSettings = {
				ALWAYS_SEARCH_USER_PATHS = NO;
				CLANG_ANALYZER_LOCALIZABILITY_NONLOCALIZED = YES;
				CLANG_ANALYZER_NONNULL = YES;
				CLANG_ANALYZER_NUMBER_OBJECT_CONVERSION = YES_AGGRESSIVE;
				CLANG_CXX_LANGUAGE_STANDARD = "gnu++0x";
				CLANG_CXX_LIBRARY = "libc++";
				CLANG_ENABLE_MODULES = YES;
				CLANG_ENABLE_OBJC_ARC = YES;
				CLANG_WARN_BLOCK_CAPTURE_AUTORELEASING = YES;
				CLANG_WARN_BOOL_CONVERSION = YES;
				CLANG_WARN_COMMA = YES;
				CLANG_WARN_CONSTANT_CONVERSION = YES;
				CLANG_WARN_DIRECT_OBJC_ISA_USAGE = YES_ERROR;
				CLANG_WARN_DOCUMENTATION_COMMENTS = YES;
				CLANG_WARN_EMPTY_BODY = YES;
				CLANG_WARN_ENUM_CONVERSION = YES;
				CLANG_WARN_INFINITE_RECURSION = YES;
				CLANG_WARN_INT_CONVERSION = YES;
				CLANG_WARN_NON_LITERAL_NULL_CONVERSION = YES;
				CLANG_WARN_OBJC_LITERAL_CONVERSION = YES;
				CLANG_WARN_OBJC_ROOT_CLASS = YES_ERROR;
				CLANG_WARN_RANGE_LOOP_ANALYSIS = YES;
				CLANG_WARN_STRICT_PROTOTYPES = YES;
				CLANG_WARN_SUSPICIOUS_MOVE = YES;
				CLANG_WARN_UNREACHABLE_CODE = YES;
				CLANG_WARN__DUPLICATE_METHOD_MATCH = YES;
				"CODE_SIGN_IDENTITY[sdk=iphoneos*]" = "iPhone Developer";
				COPY_PHASE_STRIP = NO;
				DEBUG_INFORMATION_FORMAT = dwarf;
				ENABLE_STRICT_OBJC_MSGSEND = YES;
				ENABLE_TESTABILITY = YES;
				GCC_C_LANGUAGE_STANDARD = gnu99;
				GCC_DYNAMIC_NO_PIC = NO;
				GCC_NO_COMMON_BLOCKS = YES;
				GCC_OPTIMIZATION_LEVEL = 0;
				GCC_PREPROCESSOR_DEFINITIONS = (
					"DEBUG=1",
					"$(inherited)",
				);
				GCC_WARN_64_TO_32_BIT_CONVERSION = YES;
				GCC_WARN_ABOUT_RETURN_TYPE = YES_ERROR;
				GCC_WARN_UNDECLARED_SELECTOR = YES;
				GCC_WARN_UNINITIALIZED_AUTOS = YES_AGGRESSIVE;
				GCC_WARN_UNUSED_FUNCTION = YES;
				GCC_WARN_UNUSED_VARIABLE = YES;
				IPHONEOS_DEPLOYMENT_TARGET = 9.0;
				MTL_ENABLE_DEBUG_INFO = YES;
				ONLY_ACTIVE_ARCH = YES;
				SDKROOT = iphoneos;
				SWIFT_ACTIVE_COMPILATION_CONDITIONS = DEBUG;
				SWIFT_OPTIMIZATION_LEVEL = "-Onone";
				TARGETED_DEVICE_FAMILY = "1,2";
			};
			name = Debug;
		};
		69B39A481F5014BF00CFF0E6 /* Release */ = {
			isa = XCBuildConfiguration;
			buildSettings = {
				ALWAYS_SEARCH_USER_PATHS = NO;
				CLANG_ANALYZER_LOCALIZABILITY_NONLOCALIZED = YES;
				CLANG_ANALYZER_NONNULL = YES;
				CLANG_ANALYZER_NUMBER_OBJECT_CONVERSION = YES_AGGRESSIVE;
				CLANG_CXX_LANGUAGE_STANDARD = "gnu++0x";
				CLANG_CXX_LIBRARY = "libc++";
				CLANG_ENABLE_MODULES = YES;
				CLANG_ENABLE_OBJC_ARC = YES;
				CLANG_WARN_BLOCK_CAPTURE_AUTORELEASING = YES;
				CLANG_WARN_BOOL_CONVERSION = YES;
				CLANG_WARN_COMMA = YES;
				CLANG_WARN_CONSTANT_CONVERSION = YES;
				CLANG_WARN_DIRECT_OBJC_ISA_USAGE = YES_ERROR;
				CLANG_WARN_DOCUMENTATION_COMMENTS = YES;
				CLANG_WARN_EMPTY_BODY = YES;
				CLANG_WARN_ENUM_CONVERSION = YES;
				CLANG_WARN_INFINITE_RECURSION = YES;
				CLANG_WARN_INT_CONVERSION = YES;
				CLANG_WARN_NON_LITERAL_NULL_CONVERSION = YES;
				CLANG_WARN_OBJC_LITERAL_CONVERSION = YES;
				CLANG_WARN_OBJC_ROOT_CLASS = YES_ERROR;
				CLANG_WARN_RANGE_LOOP_ANALYSIS = YES;
				CLANG_WARN_STRICT_PROTOTYPES = YES;
				CLANG_WARN_SUSPICIOUS_MOVE = YES;
				CLANG_WARN_UNREACHABLE_CODE = YES;
				CLANG_WARN__DUPLICATE_METHOD_MATCH = YES;
				"CODE_SIGN_IDENTITY[sdk=iphoneos*]" = "iPhone Developer";
				COPY_PHASE_STRIP = NO;
				DEBUG_INFORMATION_FORMAT = "dwarf-with-dsym";
				ENABLE_NS_ASSERTIONS = NO;
				ENABLE_STRICT_OBJC_MSGSEND = YES;
				GCC_C_LANGUAGE_STANDARD = gnu99;
				GCC_NO_COMMON_BLOCKS = YES;
				GCC_WARN_64_TO_32_BIT_CONVERSION = YES;
				GCC_WARN_ABOUT_RETURN_TYPE = YES_ERROR;
				GCC_WARN_UNDECLARED_SELECTOR = YES;
				GCC_WARN_UNINITIALIZED_AUTOS = YES_AGGRESSIVE;
				GCC_WARN_UNUSED_FUNCTION = YES;
				GCC_WARN_UNUSED_VARIABLE = YES;
				IPHONEOS_DEPLOYMENT_TARGET = 9.0;
				MTL_ENABLE_DEBUG_INFO = NO;
				SDKROOT = iphoneos;
				SWIFT_OPTIMIZATION_LEVEL = "-Owholemodule";
				TARGETED_DEVICE_FAMILY = "1,2";
				VALIDATE_PRODUCT = YES;
			};
			name = Release;
		};
		69B39A4A1F5014BF00CFF0E6 /* Debug */ = {
			isa = XCBuildConfiguration;
			buildSettings = {
				ASSETCATALOG_COMPILER_APPICON_NAME = AppIcon;
				CLANG_ENABLE_MODULES = YES;
				"CODE_SIGN_IDENTITY[sdk=iphoneos*]" = "iPhone Developer";
				DEVELOPMENT_TEAM = 9EG55L52AB;
				INFOPLIST_FILE = AppStore/Info.plist;
				LD_RUNPATH_SEARCH_PATHS = "$(inherited) @executable_path/Frameworks";
				PRODUCT_BUNDLE_IDENTIFIER = test.AppStore;
				PRODUCT_NAME = "$(TARGET_NAME)";
				PROVISIONING_PROFILE_SPECIFIER = "";
				SWIFT_OPTIMIZATION_LEVEL = "-Onone";
				SWIFT_SWIFT3_OBJC_INFERENCE = Default;
				SWIFT_VERSION = 4.0;
				TARGETED_DEVICE_FAMILY = 1;
			};
			name = Debug;
		};
		69B39A4B1F5014BF00CFF0E6 /* Release */ = {
			isa = XCBuildConfiguration;
			buildSettings = {
				ASSETCATALOG_COMPILER_APPICON_NAME = AppIcon;
				CLANG_ENABLE_MODULES = YES;
				"CODE_SIGN_IDENTITY[sdk=iphoneos*]" = "iPhone Developer";
				DEVELOPMENT_TEAM = 9EG55L52AB;
				INFOPLIST_FILE = AppStore/Info.plist;
				LD_RUNPATH_SEARCH_PATHS = "$(inherited) @executable_path/Frameworks";
				PRODUCT_BUNDLE_IDENTIFIER = test.AppStore;
				PRODUCT_NAME = "$(TARGET_NAME)";
				PROVISIONING_PROFILE_SPECIFIER = "";
				SWIFT_SWIFT3_OBJC_INFERENCE = Default;
				SWIFT_VERSION = 4.0;
				TARGETED_DEVICE_FAMILY = 1;
			};
			name = Release;
		};
		69B39A4D1F5014BF00CFF0E6 /* Debug */ = {
			isa = XCBuildConfiguration;
			buildSettings = {
				ALWAYS_EMBED_SWIFT_STANDARD_LIBRARIES = YES;
				BUNDLE_LOADER = "$(TEST_HOST)";
				INFOPLIST_FILE = AppStoreTests/Info.plist;
				LD_RUNPATH_SEARCH_PATHS = "$(inherited) @executable_path/Frameworks @loader_path/Frameworks";
				PRODUCT_BUNDLE_IDENTIFIER = test.AppStoreTests;
				PRODUCT_NAME = "$(TARGET_NAME)";
				SWIFT_VERSION = 3.0;
				TEST_HOST = "$(BUILT_PRODUCTS_DIR)/AppStore.app/AppStore";
			};
			name = Debug;
		};
		69B39A4E1F5014BF00CFF0E6 /* Release */ = {
			isa = XCBuildConfiguration;
			buildSettings = {
				ALWAYS_EMBED_SWIFT_STANDARD_LIBRARIES = YES;
				BUNDLE_LOADER = "$(TEST_HOST)";
				INFOPLIST_FILE = AppStoreTests/Info.plist;
				LD_RUNPATH_SEARCH_PATHS = "$(inherited) @executable_path/Frameworks @loader_path/Frameworks";
				PRODUCT_BUNDLE_IDENTIFIER = test.AppStoreTests;
				PRODUCT_NAME = "$(TARGET_NAME)";
				SWIFT_VERSION = 3.0;
				TEST_HOST = "$(BUILT_PRODUCTS_DIR)/AppStore.app/AppStore";
			};
			name = Release;
		};
		69B39A501F5014BF00CFF0E6 /* Debug */ = {
			isa = XCBuildConfiguration;
			buildSettings = {
				ALWAYS_EMBED_SWIFT_STANDARD_LIBRARIES = YES;
				INFOPLIST_FILE = AppStoreUITests/Info.plist;
				LD_RUNPATH_SEARCH_PATHS = "$(inherited) @executable_path/Frameworks @loader_path/Frameworks";
				PRODUCT_BUNDLE_IDENTIFIER = test.AppStoreUITests;
				PRODUCT_NAME = "$(TARGET_NAME)";
				SWIFT_VERSION = 3.0;
				TEST_TARGET_NAME = AppStore;
			};
			name = Debug;
		};
		69B39A511F5014BF00CFF0E6 /* Release */ = {
			isa = XCBuildConfiguration;
			buildSettings = {
				ALWAYS_EMBED_SWIFT_STANDARD_LIBRARIES = YES;
				INFOPLIST_FILE = AppStoreUITests/Info.plist;
				LD_RUNPATH_SEARCH_PATHS = "$(inherited) @executable_path/Frameworks @loader_path/Frameworks";
				PRODUCT_BUNDLE_IDENTIFIER = test.AppStoreUITests;
				PRODUCT_NAME = "$(TARGET_NAME)";
				SWIFT_VERSION = 3.0;
				TEST_TARGET_NAME = AppStore;
			};
			name = Release;
		};
/* End XCBuildConfiguration section */

/* Begin XCConfigurationList section */
		69B39A1C1F5014BE00CFF0E6 /* Build configuration list for PBXProject "AppStore" */ = {
			isa = XCConfigurationList;
			buildConfigurations = (
				69B39A471F5014BF00CFF0E6 /* Debug */,
				69B39A481F5014BF00CFF0E6 /* Release */,
			);
			defaultConfigurationIsVisible = 0;
			defaultConfigurationName = Release;
		};
		69B39A491F5014BF00CFF0E6 /* Build configuration list for PBXNativeTarget "AppStore" */ = {
			isa = XCConfigurationList;
			buildConfigurations = (
				69B39A4A1F5014BF00CFF0E6 /* Debug */,
				69B39A4B1F5014BF00CFF0E6 /* Release */,
			);
			defaultConfigurationIsVisible = 0;
			defaultConfigurationName = Release;
		};
		69B39A4C1F5014BF00CFF0E6 /* Build configuration list for PBXNativeTarget "AppStoreTests" */ = {
			isa = XCConfigurationList;
			buildConfigurations = (
				69B39A4D1F5014BF00CFF0E6 /* Debug */,
				69B39A4E1F5014BF00CFF0E6 /* Release */,
			);
			defaultConfigurationIsVisible = 0;
			defaultConfigurationName = Release;
		};
		69B39A4F1F5014BF00CFF0E6 /* Build configuration list for PBXNativeTarget "AppStoreUITests" */ = {
			isa = XCConfigurationList;
			buildConfigurations = (
				69B39A501F5014BF00CFF0E6 /* Debug */,
				69B39A511F5014BF00CFF0E6 /* Release */,
			);
			defaultConfigurationIsVisible = 0;
			defaultConfigurationName = Release;
		};
/* End XCConfigurationList section */
	};
	rootObject = 69B39A191F5014BE00CFF0E6 /* Project object */;
}
